{
  "nodes": {
    "flake-utils": {
      "locked": {
        "lastModified": 1667395993,
        "narHash": "sha256-nuEHfE/LcWyuSWnS8t12N1wc105Qtau+/OdUAjtQ0rA=",
        "owner": "numtide",
        "repo": "flake-utils",
        "rev": "5aed5285a952e0b949eb3ba02c12fa4fcfef535f",
        "type": "github"
      },
      "original": {
        "owner": "numtide",
        "repo": "flake-utils",
        "type": "github"
      }
    },
    "nixpkgs": {
      "locked": {
        "lastModified": 1670009809,
        "narHash": "sha256-yt/dQ32Vz4WenDLu4XeHbnXFxiHbTcnU0WwiLW5Ce6c=",
        "owner": "NixOS",
        "repo": "nixpkgs",
        "rev": "660e7737851506374da39c0fa550c202c824a17c",
        "type": "github"
      },
      "original": {
        "owner": "NixOS",
        "ref": "nixos-22.11",
        "repo": "nixpkgs",
        "type": "github"
      }
    },
    "root": {
      "inputs": {
        "flake-utils": "flake-utils",
        "nixpkgs": "nixpkgs",
        "uboot": "uboot"
      }
    },
    "uboot": {
      "flake": false,
      "locked": {
        "lastModified": 1676736779,
        "narHash": "sha256-5JRCay0Sl3h2R+EKy1dQdi7noMKYlmZ5STNveC4NQuI=",
        "owner": "madushan1000",
        "repo": "u-boot",
        "rev": "a376f406bb5e3b0e2a60ccec25cb22d320f62b41",
        "type": "github"
      },
      "original": {
        "owner": "madushan1000",
        "ref": "bl808/usb-udc",
        "repo": "u-boot",
        "type": "github"
      }
    }
  },
  "root": "root",
  "version": 7
}
